lockfileVersion: '9.0'

settings:
  autoInstallPeers: true
  excludeLinksFromLockfile: false

importers:

  .:
    devDependencies:
      lefthook:
        specifier: ^2.0.16
        version: 2.0.16
      oxfmt:
        specifier: ^0.27.0
        version: 0.27.0
      prettier:
        specifier: ^3.8.1
        version: 3.8.1

packages:

  '@oxfmt/darwin-arm64@0.27.0':
    resolution: {integrity: sha512-3vwqyzNlVTVFVzHMlrqxb4tgVgHp6FYS0uIxsIZ/SeEDG0azaqiOw/2t8LlJ9f72PKRLWSey+Ak99tiKgpbsnQ==}
    cpu: [arm64]
    os: [darwin]

  '@oxfmt/darwin-x64@0.27.0':
    resolution: {integrity: sha512-5u8mZVLm70v6l1wLZ2MmeNIEzGsruwKw5F7duePzpakPfxGtLpiFNUwe4aBUJULTP6aMzH+A4dA0JOn8lb7Luw==}
    cpu: [x64]
    os: [darwin]

  '@oxfmt/linux-arm64-gnu@0.27.0':
    resolution: {integrity: sha512-aql/LLYriX/5Ar7o5Qivnp/qMTUPNiOCr7cFLvmvzYZa3XL0H8XtbKUfIVm+9ILR0urXQzcml+L8pLe1p8sgEg==}
    cpu: [arm64]
    os: [linux]

  '@oxfmt/linux-arm64-musl@0.27.0':
    resolution: {integrity: sha512-6u/kNb7hubthg4u/pn3MK/GJLwPgjDvDDnjjr7TC0/OK/xztef8ToXmycxIQ9OeDNIJJf7Z0Ss/rHnKvQOWzRw==}
    cpu: [arm64]
    os: [linux]

  '@oxfmt/linux-x64-gnu@0.27.0':
    resolution: {integrity: sha512-EhvDfFHO1yrK/Cu75eU1U828lBsW2cV0JITOrka5AjR3PlmnQQ03Mr9ROkWkbPmzAMklXI4Q16eO+4n+7FhS1w==}
    cpu: [x64]
    os: [linux]

  '@oxfmt/linux-x64-musl@0.27.0':
    resolution: {integrity: sha512-1pgjuwMT5sCekuteYZ7LkDsto7DJouaccwjozHqdWohSj2zJpFeSP2rMaC+6JJ1KD5r9HG9sWRuHZGEaoX9uOw==}
    cpu: [x64]
    os: [linux]

  '@oxfmt/win32-arm64@0.27.0':
    resolution: {integrity: sha512-mmuEhXZEhAYAeyjVTWwGKIA3RSb2b/He9wrXkDJPhmqp8qISUzkVg1dQmLEt4hD+wI5rzR+6vchPt521tzuRDA==}
    cpu: [arm64]
    os: [win32]

  '@oxfmt/win32-x64@0.27.0':
    resolution: {integrity: sha512-cXKVkL1DuRq31QjwHqtBEUztyBmM9YZKdeFhsDLBURNdk1CFW42uWsmTsaqrXSoiCj7nCjfP0pwTOzxhQZra/A==}
    cpu: [x64]
    os: [win32]

  lefthook-darwin-arm64@2.0.16:
    resolution: {integrity: sha512-kjVHkD7rfPa7M0aKJSx/yatdV9uC6o3cJyzM9zk7cg5HD7alSwchFalgF/P0w6nt7C02rAUx8C05qiWCDWaKeA==}
    cpu: [arm64]
    os: [darwin]

  lefthook-darwin-x64@2.0.16:
    resolution: {integrity: sha512-tbJ0mdT49DNRLqknro0BvWrYNC23TTcqBJFQnQ32pq1/H9B87bTNKvKKAtogp/saxfHUzkIq1i3twZlBZ3G3Xw==}
    cpu: [x64]
    os: [darwin]

  lefthook-freebsd-arm64@2.0.16:
    resolution: {integrity: sha512-wa1KFD5tSUhw3tuetVef/BCSxbbmS7auTDNdoLx3WFeuN5RS15woSN9+E8GPGOOY1g2HCsgdLrhrexEomulfjQ==}
    cpu: [arm64]
    os: [freebsd]

  lefthook-freebsd-x64@2.0.16:
    resolution: {integrity: sha512-UXowfn2e94AwNk9UuoePRK+qiF15jZsssiyA15VK5GTtxpn6Sn+Z2QFciofxJczXXxM4abaf7qgx2OoJBt32VA==}
    cpu: [x64]
    os: [freebsd]

  lefthook-linux-arm64@2.0.16:
    resolution: {integrity: sha512-U355elz4Z0AHSVqxfcglN09TGR86ov/GtYlliDknci2mmz6EWLiD3dTYnqJiwa4dYxqmuCDc/DvAL9rgb3YJiQ==}
    cpu: [arm64]
    os: [linux]

  lefthook-linux-x64@2.0.16:
    resolution: {integrity: sha512-7eAvBeWGAgjOKZ23OQbjJINLPImDIuDeX8dXOfk+aI6IFt2X6KCzRkp+ASUvGQtrPuNZQZT43EhW0/1jZU14ZQ==}
    cpu: [x64]
    os: [linux]

  lefthook-openbsd-arm64@2.0.16:
    resolution: {integrity: sha512-Fcd+E17ZkWGnRSQINb5gf+rNy2So5PYn5mBljiC31dl+TgWM8Wy46mSEGveHo7lKCO3q+DkmHIa50Qm58G03AQ==}
    cpu: [arm64]
    os: [openbsd]

  lefthook-openbsd-x64@2.0.16:
    resolution: {integrity: sha512-uL5nOkz8eBtQHped0/tB5X8clZ5kfnyjQrv1fpKbGAjeFHI2J+GmRqcn6Awq2IeuBbQvkyV6jDjpATyHBp5mCA==}
    cpu: [x64]
    os: [openbsd]

  lefthook-windows-arm64@2.0.16:
    resolution: {integrity: sha512-U61bNWzD6Vd2kjuJ7b4voPfTQ4mlBFOyTpCU3k/h0YjpKDQEFT1T5fDKkDothdnw/JVDSgrclIcfAY7Jyr/UIg==}
    cpu: [arm64]
    os: [win32]

  lefthook-windows-x64@2.0.16:
    resolution: {integrity: sha512-dCHi2+hebhPI0LQUGRNjPMsGRyXhrTN3Y/b8M4HO8KVyGamKB3Yemf67ya81tZopDkxNVy5XUBXLYWKGhnAfLQ==}
    cpu: [x64]
    os: [win32]

  lefthook@2.0.16:
    resolution: {integrity: sha512-ABs3M5V9c4nqxFnZO509HXuQTu8GM8hmqc9ruV0acQ81yKlxEq70MRoYP5Z1dr5le326X8vA5qj3arJA36yE3A==}
    hasBin: true

  oxfmt@0.27.0:
    resolution: {integrity: sha512-FHR0HR3WeMKBuVEQvW3EeiRZXs/cQzNHxGbhCoAIEPr1FVcOa9GCqrKJXPqv2jkzmCg6Wqot+DvN9RzemyFJhw==}
    engines: {node: ^20.19.0 || >=22.12.0}
    hasBin: true

  prettier@3.8.1:
    resolution: {integrity: sha512-UOnG6LftzbdaHZcKoPFtOcCKztrQ57WkHDeRD9t/PTQtmT0NHSeWWepj6pS0z/N7+08BHFDQVUrfmfMRcZwbMg==}
    engines: {node: '>=14'}
    hasBin: true

  tinypool@2.0.0:
    resolution: {integrity: sha512-/RX9RzeH2xU5ADE7n2Ykvmi9ED3FBGPAjw9u3zucrNNaEBIO0HPSYgL0NT7+3p147ojeSdaVu08F6hjpv31HJg==}
    engines: {node: ^20.0.0 || >=22.0.0}

snapshots:

  '@oxfmt/darwin-arm64@0.27.0':
    optional: true

  '@oxfmt/darwin-x64@0.27.0':
    optional: true

  '@oxfmt/linux-arm64-gnu@0.27.0':
    optional: true

  '@oxfmt/linux-arm64-musl@0.27.0':
    optional: true

  '@oxfmt/linux-x64-gnu@0.27.0':
    optional: true

  '@oxfmt/linux-x64-musl@0.27.0':
    optional: true

  '@oxfmt/win32-arm64@0.27.0':
    optional: true

  '@oxfmt/win32-x64@0.27.0':
    optional: true

  lefthook-darwin-arm64@2.0.16:
    optional: true

  lefthook-darwin-x64@2.0.16:
    optional: true

  lefthook-freebsd-arm64@2.0.16:
    optional: true

  lefthook-freebsd-x64@2.0.16:
    optional: true

  lefthook-linux-arm64@2.0.16:
    optional: true

  lefthook-linux-x64@2.0.16:
    optional: true

  lefthook-openbsd-arm64@2.0.16:
    optional: true

  lefthook-openbsd-x64@2.0.16:
    optional: true

  lefthook-windows-arm64@2.0.16:
    optional: true

  lefthook-windows-x64@2.0.16:
    optional: true

  lefthook@2.0.16:
    optionalDependencies:
      lefthook-darwin-arm64: 2.0.16
      lefthook-darwin-x64: 2.0.16
      lefthook-freebsd-arm64: 2.0.16
      lefthook-freebsd-x64: 2.0.16
      lefthook-linux-arm64: 2.0.16
      lefthook-linux-x64: 2.0.16
      lefthook-openbsd-arm64: 2.0.16
      lefthook-openbsd-x64: 2.0.16
      lefthook-windows-arm64: 2.0.16
      lefthook-windows-x64: 2.0.16

  oxfmt@0.27.0:
    dependencies:
      tinypool: 2.0.0
    optionalDependencies:
      '@oxfmt/darwin-arm64': 0.27.0
      '@oxfmt/darwin-x64': 0.27.0
      '@oxfmt/linux-arm64-gnu': 0.27.0
      '@oxfmt/linux-arm64-musl': 0.27.0
      '@oxfmt/linux-x64-gnu': 0.27.0
      '@oxfmt/linux-x64-musl': 0.27.0
      '@oxfmt/win32-arm64': 0.27.0
      '@oxfmt/win32-x64': 0.27.0

  prettier@3.8.1: {}

  tinypool@2.0.0: {}
